PODS:
  - AFNetworking (2.7.0):
    - AFNetworking/NSURLConnection (= 2.7.0)
    - AFNetworking/NSURLSession (= 2.7.0)
    - AFNetworking/Reachability (= 2.7.0)
    - AFNetworking/Security (= 2.7.0)
    - AFNetworking/Serialization (= 2.7.0)
    - AFNetworking/UIKit (= 2.7.0)
  - AFNetworking/NSURLConnection (2.7.0):
    - AFNetworking/Reachability
    - AFNetworking/Security
    - AFNetworking/Serialization
  - AFNetworking/NSURLSession (2.7.0):
    - AFNetworking/Reachability
    - AFNetworking/Security
    - AFNetworking/Serialization
  - AFNetworking/Reachability (2.7.0)
  - AFNetworking/Security (2.7.0)
  - AFNetworking/Serialization (2.7.0)
  - AFNetworking/UIKit (2.7.0):
    - AFNetworking/NSURLConnection
    - AFNetworking/NSURLSession
  - Alamofire (5.4.0)
  - FLKAutoLayout (0.2.1)
  - ORStackView (3.0.1):
    - FLKAutoLayout (~> 0.2)

DEPENDENCIES:
  - AFNetworking (~> 2.6)
  - Alamofire (~> 5.0)
  - ORStackView (~> 3.0)

SPEC REPOS:
  trunk:
    - AFNetworking
    - Alamofire
    - FLKAutoLayout
    - ORStackView

SPEC CHECKSUMS:
  AFNetworking: 8dd5f9b9691e09186393069a12cc3b5ed7c8b511
  Alamofire: 3b6a534a3df22db367e4dedeeca73d1ddfcf0e2f
  FLKAutoLayout: 9db6b30c2008d230da608e62c607b11c23b942e6
  ORStackView: a1bb52748cd0ae29891c140baf22ff8972fb363c

PODFILE CHECKSUM: 56d23c2c12685797407cdb8ba0d580b9be2a667d

COCOAPODS: 1.10.0
